
Microsoft Visual Studio Solution File, Format Version 12.00
# Visual Studio Version 16
VisualStudioVersion = 16.0.32126.315
MinimumVisualStudioVersion = 10.0.40219.1
Project("{FAE04EC0-301F-11D3-BF4B-00C04F79EFBC}") = "DasGrosseTrinkspiel.Android", "DasGrosseTrinkspiel\DasGrosseTrinkspiel.Android\DasGrosseTrinkspiel.Android.csproj", "{D2A82B43-0AE2-44D2-BB10-3F6882188337}"
EndProject
Project("{FAE04EC0-301F-11D3-BF4B-00C04F79EFBC}") = "DasGrosseTrinkspiel.iOS", "DasGrosseTrinkspiel\DasGrosseTrinkspiel.iOS\DasGrosseTrinkspiel.iOS.csproj", "{8E14FB0B-1D38-498F-8F12-EE04F9EF45F0}"
EndProject
Project("{FAE04EC0-301F-11D3-BF4B-00C04F79EFBC}") = "DasGrosseTrinkspiel", "DasGrosseTrinkspiel\DasGrosseTrinkspiel\DasGrosseTrinkspiel.csproj", "{9206CFAB-94DF-48E1-8EDC-595096F0D1F9}"
EndProject
Global
	GlobalSection(SolutionConfigurationPlatforms) = preSolution
		Debug|Any CPU = Debug|Any CPU
		Debug|iPhone = Debug|iPhone
		Debug|iPhoneSimulator = Debug|iPhoneSimulator
		Release|Any CPU = Release|Any CPU
		Release|iPhone = Release|iPhone
		Release|iPhoneSimulator = Release|iPhoneSimulator
	EndGlobalSection
	GlobalSection(ProjectConfigurationPlatforms) = postSolution
		{D2A82B43-0AE2-44D2-BB10-3F6882188337}.Debug|Any CPU.ActiveCfg = Debug|Any CPU
		{D2A82B43-0AE2-44D2-BB10-3F6882188337}.Debug|Any CPU.Build.0 = Debug|Any CPU
		{D2A82B43-0AE2-44D2-BB10-3F6882188337}.Debug|Any CPU.Deploy.0 = Debug|Any CPU
		{D2A82B43-0AE2-44D2-BB10-3F6882188337}.Debug|iPhone.ActiveCfg = Debug|Any CPU
		{D2A82B43-0AE2-44D2-BB10-3F6882188337}.Debug|iPhone.Build.0 = Debug|Any CPU
		{D2A82B43-0AE2-44D2-BB10-3F6882188337}.Debug|iPhone.Deploy.0 = Debug|Any CPU
		{D2A82B43-0AE2-44D2-BB10-3F6882188337}.Debug|iPhoneSimulator.ActiveCfg = Debug|Any CPU
		{D2A82B43-0AE2-44D2-BB10-3F6882188337}.Debug|iPhoneSimulator.Build.0 = Debug|Any CPU
		{D2A82B43-0AE2-44D2-BB10-3F6882188337}.Debug|iPhoneSimulator.Deploy.0 = Debug|Any CPU
		{D2A82B43-0AE2-44D2-BB10-3F6882188337}.Release|Any CPU.ActiveCfg = Release|Any CPU
		{D2A82B43-0AE2-44D2-BB10-3F6882188337}.Release|Any CPU.Build.0 = Release|Any CPU
		{D2A82B43-0AE2-44D2-BB10-3F6882188337}.Release|Any CPU.Deploy.0 = Release|Any CPU
		{D2A82B43-0AE2-44D2-BB10-3F6882188337}.Release|iPhone.ActiveCfg = Release|Any CPU
		{D2A82B43-0AE2-44D2-BB10-3F6882188337}.Release|iPhone.Build.0 = Release|Any CPU
		{D2A82B43-0AE2-44D2-BB10-3F6882188337}.Release|iPhone.Deploy.0 = Release|Any CPU
		{D2A82B43-0AE2-44D2-BB10-3F6882188337}.Release|iPhoneSimulator.ActiveCfg = Release|Any CPU
		{D2A82B43-0AE2-44D2-BB10-3F6882188337}.Release|iPhoneSimulator.Build.0 = Release|Any CPU
		{D2A82B43-0AE2-44D2-BB10-3F6882188337}.Release|iPhoneSimulator.Deploy.0 = Release|Any CPU
		{8E14FB0B-1D38-498F-8F12-EE04F9EF45F0}.Debug|Any CPU.ActiveCfg = Debug|iPhone
		{8E14FB0B-1D38-498F-8F12-EE04F9EF45F0}.Debug|Any CPU.Build.0 = Debug|iPhone
		{8E14FB0B-1D38-498F-8F12-EE04F9EF45F0}.Debug|Any CPU.Deploy.0 = Debug|iPhone
		{8E14FB0B-1D38-498F-8F12-EE04F9EF45F0}.Debug|iPhone.ActiveCfg = Debug|iPhone
		{8E14FB0B-1D38-498F-8F12-EE04F9EF45F0}.Debug|iPhone.Build.0 = Debug|iPhone
		{8E14FB0B-1D38-498F-8F12-EE04F9EF45F0}.Debug|iPhone.Deploy.0 = Debug|iPhone
		{8E14FB0B-1D38-498F-8F12-EE04F9EF45F0}.Debug|iPhoneSimulator.ActiveCfg = Debug|iPhoneSimulator
		{8E14FB0B-1D38-498F-8F12-EE04F9EF45F0}.Debug|iPhoneSimulator.Build.0 = Debug|iPhoneSimulator
		{8E14FB0B-1D38-498F-8F12-EE04F9EF45F0}.Debug|iPhoneSimulator.Deploy.0 = Debug|iPhoneSimulator
		{8E14FB0B-1D38-498F-8F12-EE04F9EF45F0}.Release|Any CPU.ActiveCfg = Release|iPhoneSimulator
		{8E14FB0B-1D38-498F-8F12-EE04F9EF45F0}.Release|Any CPU.Build.0 = Release|iPhoneSimulator
		{8E14FB0B-1D38-498F-8F12-EE04F9EF45F0}.Release|Any CPU.Deploy.0 = Release|iPhoneSimulator
		{8E14FB0B-1D38-498F-8F12-EE04F9EF45F0}.Release|iPhone.ActiveCfg = Release|iPhone
		{8E14FB0B-1D38-498F-8F12-EE04F9EF45F0}.Release|iPhone.Build.0 = Release|iPhone
		{8E14FB0B-1D38-498F-8F12-EE04F9EF45F0}.Release|iPhone.Deploy.0 = Release|iPhone
		{8E14FB0B-1D38-498F-8F12-EE04F9EF45F0}.Release|iPhoneSimulator.ActiveCfg = Release|iPhoneSimulator
		{8E14FB0B-1D38-498F-8F12-EE04F9EF45F0}.Release|iPhoneSimulator.Build.0 = Release|iPhoneSimulator
		{8E14FB0B-1D38-498F-8F12-EE04F9EF45F0}.Release|iPhoneSimulator.Deploy.0 = Release|iPhoneSimulator
		{9206CFAB-94DF-48E1-8EDC-595096F0D1F9}.Debug|Any CPU.ActiveCfg = Debug|Any CPU
		{9206CFAB-94DF-48E1-8EDC-595096F0D1F9}.Debug|Any CPU.Build.0 = Debug|Any CPU
		{9206CFAB-94DF-48E1-8EDC-595096F0D1F9}.Debug|Any CPU.Deploy.0 = Debug|Any CPU
		{9206CFAB-94DF-48E1-8EDC-595096F0D1F9}.Debug|iPhone.ActiveCfg = Debug|Any CPU
		{9206CFAB-94DF-48E1-8EDC-595096F0D1F9}.Debug|iPhone.Build.0 = Debug|Any CPU
		{9206CFAB-94DF-48E1-8EDC-595096F0D1F9}.Debug|iPhone.Deploy.0 = Debug|Any CPU
		{9206CFAB-94DF-48E1-8EDC-595096F0D1F9}.Debug|iPhoneSimulator.ActiveCfg = Debug|Any CPU
		{9206CFAB-94DF-48E1-8EDC-595096F0D1F9}.Debug|iPhoneSimulator.Build.0 = Debug|Any CPU
		{9206CFAB-94DF-48E1-8EDC-595096F0D1F9}.Debug|iPhoneSimulator.Deploy.0 = Debug|Any CPU
		{9206CFAB-94DF-48E1-8EDC-595096F0D1F9}.Release|Any CPU.ActiveCfg = Release|Any CPU
		{9206CFAB-94DF-48E1-8EDC-595096F0D1F9}.Release|Any CPU.Build.0 = Release|Any CPU
		{9206CFAB-94DF-48E1-8EDC-595096F0D1F9}.Release|Any CPU.Deploy.0 = Release|Any CPU
		{9206CFAB-94DF-48E1-8EDC-595096F0D1F9}.Release|iPhone.ActiveCfg = Release|Any CPU
		{9206CFAB-94DF-48E1-8EDC-595096F0D1F9}.Release|iPhone.Build.0 = Release|Any CPU
		{9206CFAB-94DF-48E1-8EDC-595096F0D1F9}.Release|iPhone.Deploy.0 = Release|Any CPU
		{9206CFAB-94DF-48E1-8EDC-595096F0D1F9}.Release|iPhoneSimulator.ActiveCfg = Release|Any CPU
		{9206CFAB-94DF-48E1-8EDC-595096F0D1F9}.Release|iPhoneSimulator.Build.0 = Release|Any CPU
		{9206CFAB-94DF-48E1-8EDC-595096F0D1F9}.Release|iPhoneSimulator.Deploy.0 = Release|Any CPU
	EndGlobalSection
	GlobalSection(SolutionProperties) = preSolution
		HideSolutionNode = FALSE
	EndGlobalSection
	GlobalSection(ExtensibilityGlobals) = postSolution
		SolutionGuid = {955AACB6-383F-4D94-AF0D-17B8707BA28E}
	EndGlobalSection
EndGlobal
